{
  "object": {
    "pins": [
      {
        "package": "SangeuiLayout",
        "repositoryURL": "https://github.com/sangeui/SangeuiLayout.git",
        "state": {
          "branch": "main",
          "revision": "dd159d5068fe9e1b486ca4fc50ee4b4f1fabc760",
          "version": null
        }
      }
    ]
  },
  "version": 1
}
